{
  "version": 4,
  "terraform_version": "1.6.2",
  "serial": 599,
  "lineage": "e8aeae9e-78e8-c855-b237-26011b8c43c1",
  "outputs": {
    "key_data": {
      "value": "ssh-rsa AAAAB3NzaC1yc2EAAAADAQABAAABgQDGmY5/3XNRHXHUulSbaPPd8/v/eVcTjmDT2MG8bJVI3qQchvIoyCTkmHsX0FjqAafkqMz44OHJkK7+5XoQSyg5j0fo9aFnclSlFMcNSxDIkXDmcNZV4Hg9Q/Xxqccuyq6WWnHbvf4ZZrsJrYR3JiT/cXWJ0VvPHMR8EpML9axAvcYK4epLafMCS+16NUTjieTgcUG2G+uwXrKMWVmo8vdSnASV1RLaqTq/C6zdHhIxLw/NjFL/LNQL6gfOehtqFTvdNdQeyivm6n9pjDiuHTi/WNfLWfdpTeZi+Nfs6iJTlc9wFTrp8z8TI4DCjR0sVms1zqKgKI3eMznVcHbdIFDq0l1LiEk6JEO7jiL2gp53yQAAKl7WGs17wjDlylntkSJul7LOd4HgTVaPsNSJfP2fjwkEPmQTf1MzSdWQJQ6aKxZ6fvkmlF9BfFDfR3dwbl195sFwTVPEQyjLgFNTCKjZhhCRPABRGaIqhjn4F3xTJ9GqhTpag2QhiXsQz+liiAk= generated-by-azure",
      "type": "string"
    },
    "private_key_data": {
      "value": "-----BEGIN RSA PRIVATE KEY-----\r\nMIIG5gIBAAKCAYEAxpmOf91zUR1x1LpUm2jz3fP7/3lXE45g09jBvGyVSN6kHIby\r\nKMgk5Jh7F9BY6gGn5KjM+ODhyZCu/uV6EEsoOY9H6PWhZ3JUpRTHDUsQyJFw5nDW\r\nVeB4PUP18anHLsqullpx273+GWa7Ca2EdyYk/3F1idFbzxzEfBKTC/WsQL3GCuHq\r\nS2nzAkvtejVE44nk4HFBthvrsF6yjFlZqPL3UpwEldUS2qk6vwus3R4SMS8PzYxS\r\n/yzUC+oHznobahU73TXUHsor5up/aYw4rh04v1jXy1n3aU3mYvjX7OoiU5XPcBU6\r\n6fM/EyOAwo0dLFZrNc6ioCiN3jM51XB23SBQ6tJdS4hJOiRDu44i9oKed8kAACpe\r\n1hrNe8Iw5cpZ7ZEibpeyzneB4E1Wj7DUiXz9n48JBD5kE39TM0nVkCUOmisWen75\r\nJpRfQXxQ30d3cG5dfebBcE1TxEMoy4BTUwio2YYQkTwAURmiKoY5+Bd8UyfRqoU6\r\nWoNkIYl7EM/pYogJAgMBAAECggGBAL38C8vaJwTD7C8aiPGatx/u1XURuPEmVQ6T\r\n3tHH9g+dnNUFawcEX/amv6qKT2ScbOZbbKnxR02xsRZ6pAiOPU7C+IGs6NizELJT\r\nbBAVbVrRd3WbIA9LCvtg1hh21+q1Tcrbfuw9lqTqF6csbPombWJIQa6zruY0mOow\r\nQqdAP6Y3ZQroD2BRXH0n8WflKZ+aPG9RKRFzKEaycI++sfzjYSGPyvsiuEShe2dj\r\nXdyxdanDYZS61nLxiXBUU198hFk5MTmIGxOE31NfE25Db6LJ9wmi/QznnyFcezTr\r\nGnOI1a7XOSiLKC5flWEjwQs+cVu6yjaPkHs5URxYQ5S7R/c64SIPA4utkoQvqcYD\r\nKKaMTjze5cuSW9cc67thzJRl8/wpynGVofQwJBejl1567U5HLq3d6Q75m+HGPFxy\r\nS9SKD7vnvBPbs+U8WqyfQcuYCN0VX94xqXRhRUuU1ojUcrlbIzfgi5TeGxN9XW2+\r\nsue5bZiGj6Q+Pn5O/sH78C9drQHnGQKBwQDsjhNM039l5Gi8Q90GWOsU2co9jT3o\r\nubO4m3QRVZiwcnFN+FSG1fj3o09Bs9L5917xZuqgUAos4bxzQ6NHUAkIeOnVhkPM\r\nWpZAAIdJI435kc43Z5Nbs1WHkKxIGQL4TJY0iozBchk5GX7+rYKI7Pn1dxo+Zt/C\r\nA5IdfDE2RVweCQd1h1IXaM/U9am+U4hvQU3IVhRhLaMgNbzc939ntSM85RRoPCMN\r\nm4L3cF8LsXX4iEASUbI6EBV6iqO80tCk7YsCgcEA1uzGdwDtfkMGXNRVt56yWJnc\r\nex6tQ70q7QtTcsW4bOImGlIUBjpS2kTi63M+vP3Mt4wz/Y0/y+dACBO8V0DsA4Fj\r\nNvTv+/XVvMSqOz0OJw503PkGF6RKU1hRZNnFbYn4UJ+pBSoXncmjiVOyhu9EJvWM\r\nHbZZPeIKfg5aeN3f+z/G9WLl5dZ0uSEjwapCqME1bLIvajx0S0GCDnyQNdj2cCmT\r\nDskqEIGnfxVth4fnIhGQ+o+XZWllkF76bmJDens7AoHBANrZttFk+oByCNPklR/C\r\nM/teYtT/Tz94TuWELKW84z6bImhYTxtP6r5wwGqwy4enbJc59+fJJSDQ12BsOytG\r\nyJSmCPAa/66YQFmGI6Nu2XMDih2IHbTA/WgmWL17JlxBvtVtOTvfK6bAB9XnANVd\r\nKQQH5KfG1UzRsOTGeWEUWl0PTW9WeoRd26nSffAvqBIGAMhPmxss9bZfARQNhjmU\r\nQ72a0n585JE6RrhVphlTXSlKJLzOCG3fY3+ztDiFcbKkcQKBwQDN5Yc7+meKzisK\r\nQ2Dax+2Tc9MFIB5dBpxY+sC28zP7G6vlCzyjurwk3lmFtqIj7ABy1p34CZlUffWZ\r\nx05nSIrR0OJ7g6tkdd6NONrcZWFpiS/rgaWUgI+zyKgxNW8twT9h/ZKun+SABOvm\r\nY4hkPFPN/u58iHR2FFZ47Mc/g09QI4k3C8eyqACqWlUm8zVo9a94sjs6SzAd6GPv\r\n/OUqsO9mBG4dfBoQNiWAWcbUUB3dRXbekzE2tgHWjSbdGMYMUIECgcEA17SjR9RY\r\nmK6VGZuQghCWC64XSUzK6BnqJrtvdHEiRkJt2JEWc4Xfq3j1yRXVRdQjIE9KQLnc\r\nSwl930qR9atkzQOjA8A0l74SYkUYH+GQ3OhScAyRuctiNumiXvmJInvj4jiruRT2\r\nZmjvxvBZKeH81WoL4pC0LEZ9LxmyOI10omnWA2BE6BGzzHgyuTV4X0MhEkdZ+y8O\r\n8AxlwkkvK7f52e7MyjpRzhZ5ZZ8Q8PMBPLVeU17pFzFsSEyKXUYSqCdR\r\n-----END RSA PRIVATE KEY-----\r\n",
      "type": "string",
      "sensitive": true
    },
    "public_ip_addresses": {
      "value": {
        "aggregator": "4.185.95.181"
      },
      "type": [
        "object",
        {
          "aggregator": "string"
        }
      ]
    },
    "resource_group_name": {
      "value": "rg-proud-kid",
      "type": "string"
    }
  },
  "resources": [
    {
      "mode": "managed",
      "type": "azapi_resource",
      "name": "ssh_public_key",
      "provider": "provider[\"registry.terraform.io/azure/azapi\"]",
      "instances": [
        {
          "schema_version": 0,
          "attributes": {
            "body": "{}",
            "id": "/subscriptions/585cbca4-1ba4-48b3-92ca-c98ae52babb8/resourceGroups/rg-proud-kid/providers/Microsoft.Compute/sshPublicKeys/sshunbiasedkitten",
            "identity": [],
            "ignore_body_changes": null,
            "ignore_casing": false,
            "ignore_missing_property": true,
            "location": "germanywestcentral",
            "locks": null,
            "name": "sshunbiasedkitten",
            "output": "{}",
            "parent_id": "/subscriptions/585cbca4-1ba4-48b3-92ca-c98ae52babb8/resourceGroups/rg-proud-kid",
            "removing_special_chars": false,
            "response_export_values": null,
            "schema_validation_enabled": true,
            "tags": {},
            "timeouts": null,
            "type": "Microsoft.Compute/sshPublicKeys@2022-11-01"
          },
          "sensitive_attributes": [],
          "private": "eyJlMmJmYjczMC1lY2FhLTExZTYtOGY4OC0zNDM2M2JjN2M0YzAiOnsiY3JlYXRlIjoxODAwMDAwMDAwMDAwLCJkZWxldGUiOjE4MDAwMDAwMDAwMDAsInJlYWQiOjMwMDAwMDAwMDAwMCwidXBkYXRlIjoxODAwMDAwMDAwMDAwfX0=",
          "dependencies": [
            "azurerm_resource_group.rg",
            "random_pet.rg_name",
            "random_pet.ssh_key_name"
          ]
        }
      ]
    },
    {
      "mode": "managed",
      "type": "azapi_resource_action",
      "name": "ssh_public_key_gen",
      "provider": "provider[\"registry.terraform.io/azure/azapi\"]",
      "instances": [
        {
          "schema_version": 0,
          "attributes": {
            "action": "generateKeyPair",
            "body": null,
            "id": "/subscriptions/585cbca4-1ba4-48b3-92ca-c98ae52babb8/resourceGroups/rg-proud-kid/providers/Microsoft.Compute/sshPublicKeys/sshunbiasedkitten/generateKeyPair",
            "locks": null,
            "method": "POST",
            "output": "{\"privateKey\":\"-----BEGIN RSA PRIVATE KEY-----\\r\\nMIIG5gIBAAKCAYEAxpmOf91zUR1x1LpUm2jz3fP7/3lXE45g09jBvGyVSN6kHIby\\r\\nKMgk5Jh7F9BY6gGn5KjM+ODhyZCu/uV6EEsoOY9H6PWhZ3JUpRTHDUsQyJFw5nDW\\r\\nVeB4PUP18anHLsqullpx273+GWa7Ca2EdyYk/3F1idFbzxzEfBKTC/WsQL3GCuHq\\r\\nS2nzAkvtejVE44nk4HFBthvrsF6yjFlZqPL3UpwEldUS2qk6vwus3R4SMS8PzYxS\\r\\n/yzUC+oHznobahU73TXUHsor5up/aYw4rh04v1jXy1n3aU3mYvjX7OoiU5XPcBU6\\r\\n6fM/EyOAwo0dLFZrNc6ioCiN3jM51XB23SBQ6tJdS4hJOiRDu44i9oKed8kAACpe\\r\\n1hrNe8Iw5cpZ7ZEibpeyzneB4E1Wj7DUiXz9n48JBD5kE39TM0nVkCUOmisWen75\\r\\nJpRfQXxQ30d3cG5dfebBcE1TxEMoy4BTUwio2YYQkTwAURmiKoY5+Bd8UyfRqoU6\\r\\nWoNkIYl7EM/pYogJAgMBAAECggGBAL38C8vaJwTD7C8aiPGatx/u1XURuPEmVQ6T\\r\\n3tHH9g+dnNUFawcEX/amv6qKT2ScbOZbbKnxR02xsRZ6pAiOPU7C+IGs6NizELJT\\r\\nbBAVbVrRd3WbIA9LCvtg1hh21+q1Tcrbfuw9lqTqF6csbPombWJIQa6zruY0mOow\\r\\nQqdAP6Y3ZQroD2BRXH0n8WflKZ+aPG9RKRFzKEaycI++sfzjYSGPyvsiuEShe2dj\\r\\nXdyxdanDYZS61nLxiXBUU198hFk5MTmIGxOE31NfE25Db6LJ9wmi/QznnyFcezTr\\r\\nGnOI1a7XOSiLKC5flWEjwQs+cVu6yjaPkHs5URxYQ5S7R/c64SIPA4utkoQvqcYD\\r\\nKKaMTjze5cuSW9cc67thzJRl8/wpynGVofQwJBejl1567U5HLq3d6Q75m+HGPFxy\\r\\nS9SKD7vnvBPbs+U8WqyfQcuYCN0VX94xqXRhRUuU1ojUcrlbIzfgi5TeGxN9XW2+\\r\\nsue5bZiGj6Q+Pn5O/sH78C9drQHnGQKBwQDsjhNM039l5Gi8Q90GWOsU2co9jT3o\\r\\nubO4m3QRVZiwcnFN+FSG1fj3o09Bs9L5917xZuqgUAos4bxzQ6NHUAkIeOnVhkPM\\r\\nWpZAAIdJI435kc43Z5Nbs1WHkKxIGQL4TJY0iozBchk5GX7+rYKI7Pn1dxo+Zt/C\\r\\nA5IdfDE2RVweCQd1h1IXaM/U9am+U4hvQU3IVhRhLaMgNbzc939ntSM85RRoPCMN\\r\\nm4L3cF8LsXX4iEASUbI6EBV6iqO80tCk7YsCgcEA1uzGdwDtfkMGXNRVt56yWJnc\\r\\nex6tQ70q7QtTcsW4bOImGlIUBjpS2kTi63M+vP3Mt4wz/Y0/y+dACBO8V0DsA4Fj\\r\\nNvTv+/XVvMSqOz0OJw503PkGF6RKU1hRZNnFbYn4UJ+pBSoXncmjiVOyhu9EJvWM\\r\\nHbZZPeIKfg5aeN3f+z/G9WLl5dZ0uSEjwapCqME1bLIvajx0S0GCDnyQNdj2cCmT\\r\\nDskqEIGnfxVth4fnIhGQ+o+XZWllkF76bmJDens7AoHBANrZttFk+oByCNPklR/C\\r\\nM/teYtT/Tz94TuWELKW84z6bImhYTxtP6r5wwGqwy4enbJc59+fJJSDQ12BsOytG\\r\\nyJSmCPAa/66YQFmGI6Nu2XMDih2IHbTA/WgmWL17JlxBvtVtOTvfK6bAB9XnANVd\\r\\nKQQH5KfG1UzRsOTGeWEUWl0PTW9WeoRd26nSffAvqBIGAMhPmxss9bZfARQNhjmU\\r\\nQ72a0n585JE6RrhVphlTXSlKJLzOCG3fY3+ztDiFcbKkcQKBwQDN5Yc7+meKzisK\\r\\nQ2Dax+2Tc9MFIB5dBpxY+sC28zP7G6vlCzyjurwk3lmFtqIj7ABy1p34CZlUffWZ\\r\\nx05nSIrR0OJ7g6tkdd6NONrcZWFpiS/rgaWUgI+zyKgxNW8twT9h/ZKun+SABOvm\\r\\nY4hkPFPN/u58iHR2FFZ47Mc/g09QI4k3C8eyqACqWlUm8zVo9a94sjs6SzAd6GPv\\r\\n/OUqsO9mBG4dfBoQNiWAWcbUUB3dRXbekzE2tgHWjSbdGMYMUIECgcEA17SjR9RY\\r\\nmK6VGZuQghCWC64XSUzK6BnqJrtvdHEiRkJt2JEWc4Xfq3j1yRXVRdQjIE9KQLnc\\r\\nSwl930qR9atkzQOjA8A0l74SYkUYH+GQ3OhScAyRuctiNumiXvmJInvj4jiruRT2\\r\\nZmjvxvBZKeH81WoL4pC0LEZ9LxmyOI10omnWA2BE6BGzzHgyuTV4X0MhEkdZ+y8O\\r\\n8AxlwkkvK7f52e7MyjpRzhZ5ZZ8Q8PMBPLVeU17pFzFsSEyKXUYSqCdR\\r\\n-----END RSA PRIVATE KEY-----\\r\\n\",\"publicKey\":\"ssh-rsa AAAAB3NzaC1yc2EAAAADAQABAAABgQDGmY5/3XNRHXHUulSbaPPd8/v/eVcTjmDT2MG8bJVI3qQchvIoyCTkmHsX0FjqAafkqMz44OHJkK7+5XoQSyg5j0fo9aFnclSlFMcNSxDIkXDmcNZV4Hg9Q/Xxqccuyq6WWnHbvf4ZZrsJrYR3JiT/cXWJ0VvPHMR8EpML9axAvcYK4epLafMCS+16NUTjieTgcUG2G+uwXrKMWVmo8vdSnASV1RLaqTq/C6zdHhIxLw/NjFL/LNQL6gfOehtqFTvdNdQeyivm6n9pjDiuHTi/WNfLWfdpTeZi+Nfs6iJTlc9wFTrp8z8TI4DCjR0sVms1zqKgKI3eMznVcHbdIFDq0l1LiEk6JEO7jiL2gp53yQAAKl7WGs17wjDlylntkSJul7LOd4HgTVaPsNSJfP2fjwkEPmQTf1MzSdWQJQ6aKxZ6fvkmlF9BfFDfR3dwbl195sFwTVPEQyjLgFNTCKjZhhCRPABRGaIqhjn4F3xTJ9GqhTpag2QhiXsQz+liiAk= generated-by-azure\"}",
            "resource_id": "/subscriptions/585cbca4-1ba4-48b3-92ca-c98ae52babb8/resourceGroups/rg-proud-kid/providers/Microsoft.Compute/sshPublicKeys/sshunbiasedkitten",
            "response_export_values": [
              "publicKey",
              "privateKey"
            ],
            "timeouts": null,
            "type": "Microsoft.Compute/sshPublicKeys@2022-11-01",
            "when": "apply"
          },
          "sensitive_attributes": [],
          "private": "eyJlMmJmYjczMC1lY2FhLTExZTYtOGY4OC0zNDM2M2JjN2M0YzAiOnsiY3JlYXRlIjoxODAwMDAwMDAwMDAwLCJkZWxldGUiOjE4MDAwMDAwMDAwMDAsInJlYWQiOjMwMDAwMDAwMDAwMCwidXBkYXRlIjoxODAwMDAwMDAwMDAwfX0=",
          "dependencies": [
            "azapi_resource.ssh_public_key",
            "azurerm_resource_group.rg",
            "random_pet.rg_name",
            "random_pet.ssh_key_name"
          ]
        }
      ]
    },
    {
      "mode": "managed",
      "type": "azurerm_linux_virtual_machine",
      "name": "my_terraform_vm",
      "provider": "provider[\"registry.terraform.io/hashicorp/azurerm\"]",
      "instances": [
        {
          "index_key": 0,
          "schema_version": 0,
          "attributes": {
            "additional_capabilities": [],
            "admin_password": null,
            "admin_ssh_key": [
              {
                "public_key": "ssh-rsa AAAAB3NzaC1yc2EAAAADAQABAAACAQDaGjdD9v2/+onJ+OT7wibkR/ksrePAFQRkGTzFbxTT1iMzfpV5iL34DXKzXmCkTMkGRFBcU2ibyKuaS+nT+RBCM/0tRUdhSxfkwIVWNYhf3z7DegcQwJyYDgQKtcsF1q2EwZBflp/bLU4BdxZVQXVD0vzChmzObz3OPsSNh1F31PjwI47CdmOfDwDspie04bvsnZ3wHVC66VE2Mq/t5IO8DjOiVYvCui1dnOIjO9jDaZ5fyrWHPAQ66VIeZ5zXjXAIHUSeHDyepJpnCo8T3xjZWU3+WFOty37StwGsQZOLZehULZL4IWkxnC8JsJXBlrkE+i6zH4LftgobhRJDmzs0A0xr2ORkQf/qUUdegusKVNTM9nHKzm4Wydd8hCla+Ss/wbNNfmDGntomGEnLf0y0Vy/pxVHXv99jWFE4Io4QGYJdEhbOcFjkJmtR27Y7lTcXl8E4e3ql6tSMuEfz1JUAEqYL/jBprPWoan0zxGZxvosyBOH6Prm9MrhtHgr5HT/YUm1bCi1vXl9cURans8Cllvp8DeC2S5nrkvFnQ+2OEKNjxfkXo4uDZJ3Ub2RQCoXpGrDy+HmTvHz75qeaYjxgJK+yv+uPFYipEKvLxeq1cRiX6Ps4qjGsFlAZ9Wbt0KTGOb2+w8kTxyn2mvSuxsCY8HFGNgFJxJnGAdT4YG0Fnw== johann@MBPvonJohann8.fritz.box\n",
                "username": "azureadmin"
              }
            ],
            "admin_username": "azureadmin",
            "allow_extension_operations": true,
            "availability_set_id": "",
            "boot_diagnostics": [
              {
                "storage_account_uri": "https://diagc21b24eb420bb71f.blob.core.windows.net/"
              }
            ],
            "bypass_platform_safety_checks_on_user_schedule_enabled": false,
            "capacity_reservation_group_id": "",
            "computer_name": "hostnameAggregator",
            "custom_data": null,
            "dedicated_host_group_id": "",
            "dedicated_host_id": "",
            "disable_password_authentication": true,
            "disk_controller_type": "SCSI",
            "edge_zone": "",
            "encryption_at_host_enabled": false,
            "eviction_policy": "",
            "extensions_time_budget": "PT1H30M",
            "gallery_application": [],
            "id": "/subscriptions/585cbca4-1ba4-48b3-92ca-c98ae52babb8/resourceGroups/rg-proud-kid/providers/Microsoft.Compute/virtualMachines/aggregator",
            "identity": [],
            "license_type": "",
            "location": "germanywestcentral",
            "max_bid_price": -1,
            "name": "aggregator",
            "network_interface_ids": [
              "/subscriptions/585cbca4-1ba4-48b3-92ca-c98ae52babb8/resourceGroups/rg-proud-kid/providers/Microsoft.Network/networkInterfaces/myNICAggregator"
            ],
            "os_disk": [
              {
                "caching": "ReadWrite",
                "diff_disk_settings": [],
                "disk_encryption_set_id": "",
                "disk_size_gb": 30,
                "name": "myOsDiskAggregator",
                "secure_vm_disk_encryption_set_id": "",
                "security_encryption_type": "",
                "storage_account_type": "Premium_LRS",
                "write_accelerator_enabled": false
              }
            ],
            "os_image_notification": [],
            "patch_assessment_mode": "ImageDefault",
            "patch_mode": "ImageDefault",
            "plan": [],
            "platform_fault_domain": -1,
            "priority": "Regular",
            "private_ip_address": "10.0.1.4",
            "private_ip_addresses": [
              "10.0.1.4"
            ],
            "provision_vm_agent": true,
            "proximity_placement_group_id": "",
            "public_ip_address": "4.185.95.181",
            "public_ip_addresses": [
              "4.185.95.181"
            ],
            "reboot_setting": "",
            "resource_group_name": "rg-proud-kid",
            "secret": [],
            "secure_boot_enabled": false,
            "size": "Standard_B1s",
            "source_image_id": "",
            "source_image_reference": [
              {
                "offer": "0001-com-ubuntu-confidential-vm-jammy",
                "publisher": "canonical",
                "sku": "22_04-lts-cvm",
                "version": "latest"
              }
            ],
            "tags": null,
            "termination_notification": null,
            "timeouts": null,
            "user_data": "",
            "virtual_machine_id": "ae055665-4b42-4d82-bec4-49e284e818f0",
            "virtual_machine_scale_set_id": "",
            "vm_agent_platform_updates_enabled": false,
            "vtpm_enabled": false,
            "zone": ""
          },
          "sensitive_attributes": [],
          "private": "eyJlMmJmYjczMC1lY2FhLTExZTYtOGY4OC0zNDM2M2JjN2M0YzAiOnsiY3JlYXRlIjoyNzAwMDAwMDAwMDAwLCJkZWxldGUiOjI3MDAwMDAwMDAwMDAsInJlYWQiOjMwMDAwMDAwMDAwMCwidXBkYXRlIjoyNzAwMDAwMDAwMDAwfX0=",
          "dependencies": [
            "azurerm_network_interface.my_terraform_nic",
            "azurerm_public_ip.my_terraform_public_ip",
            "azurerm_resource_group.rg",
            "azurerm_storage_account.my_storage_account",
            "azurerm_subnet.my_terraform_subnet",
            "azurerm_virtual_network.my_terraform_network",
            "random_id.random_id",
            "random_pet.rg_name"
          ]
        }
      ]
    },
    {
      "mode": "managed",
      "type": "azurerm_network_interface",
      "name": "my_terraform_nic",
      "provider": "provider[\"registry.terraform.io/hashicorp/azurerm\"]",
      "instances": [
        {
          "index_key": 0,
          "schema_version": 0,
          "attributes": {
            "applied_dns_servers": [],
            "auxiliary_mode": "",
            "auxiliary_sku": "",
            "dns_servers": [],
            "edge_zone": "",
            "enable_accelerated_networking": false,
            "enable_ip_forwarding": false,
            "id": "/subscriptions/585cbca4-1ba4-48b3-92ca-c98ae52babb8/resourceGroups/rg-proud-kid/providers/Microsoft.Network/networkInterfaces/myNICAggregator",
            "internal_dns_name_label": "",
            "internal_domain_name_suffix": "aybhxthlvdjudchd1xkdhhgcuf.frax.internal.cloudapp.net",
            "ip_configuration": [
              {
                "gateway_load_balancer_frontend_ip_configuration_id": "",
                "name": "my_nic_configuration",
                "primary": true,
                "private_ip_address": "10.0.1.4",
                "private_ip_address_allocation": "Dynamic",
                "private_ip_address_version": "IPv4",
                "public_ip_address_id": "/subscriptions/585cbca4-1ba4-48b3-92ca-c98ae52babb8/resourceGroups/rg-proud-kid/providers/Microsoft.Network/publicIPAddresses/flPublicIPAggregator",
                "subnet_id": "/subscriptions/585cbca4-1ba4-48b3-92ca-c98ae52babb8/resourceGroups/rg-proud-kid/providers/Microsoft.Network/virtualNetworks/flVnet/subnets/flSubnet"
              }
            ],
            "location": "germanywestcentral",
            "mac_address": "",
            "name": "myNICAggregator",
            "private_ip_address": "10.0.1.4",
            "private_ip_addresses": [
              "10.0.1.4"
            ],
            "resource_group_name": "rg-proud-kid",
            "tags": null,
            "timeouts": null,
            "virtual_machine_id": ""
          },
          "sensitive_attributes": [],
          "private": "eyJlMmJmYjczMC1lY2FhLTExZTYtOGY4OC0zNDM2M2JjN2M0YzAiOnsiY3JlYXRlIjoxODAwMDAwMDAwMDAwLCJkZWxldGUiOjE4MDAwMDAwMDAwMDAsInJlYWQiOjMwMDAwMDAwMDAwMCwidXBkYXRlIjoxODAwMDAwMDAwMDAwfX0=",
          "dependencies": [
            "azurerm_public_ip.my_terraform_public_ip",
            "azurerm_resource_group.rg",
            "azurerm_subnet.my_terraform_subnet",
            "azurerm_virtual_network.my_terraform_network",
            "random_pet.rg_name"
          ]
        }
      ]
    },
    {
      "mode": "managed",
      "type": "azurerm_network_interface_security_group_association",
      "name": "example",
      "provider": "provider[\"registry.terraform.io/hashicorp/azurerm\"]",
      "instances": [
        {
          "index_key": 0,
          "schema_version": 0,
          "attributes": {
            "id": "/subscriptions/585cbca4-1ba4-48b3-92ca-c98ae52babb8/resourceGroups/rg-proud-kid/providers/Microsoft.Network/networkInterfaces/myNICAggregator|/subscriptions/585cbca4-1ba4-48b3-92ca-c98ae52babb8/resourceGroups/rg-proud-kid/providers/Microsoft.Network/networkSecurityGroups/flNetworkSecurityGroup",
            "network_interface_id": "/subscriptions/585cbca4-1ba4-48b3-92ca-c98ae52babb8/resourceGroups/rg-proud-kid/providers/Microsoft.Network/networkInterfaces/myNICAggregator",
            "network_security_group_id": "/subscriptions/585cbca4-1ba4-48b3-92ca-c98ae52babb8/resourceGroups/rg-proud-kid/providers/Microsoft.Network/networkSecurityGroups/flNetworkSecurityGroup",
            "timeouts": null
          },
          "sensitive_attributes": [],
          "private": "eyJlMmJmYjczMC1lY2FhLTExZTYtOGY4OC0zNDM2M2JjN2M0YzAiOnsiY3JlYXRlIjoxODAwMDAwMDAwMDAwLCJkZWxldGUiOjE4MDAwMDAwMDAwMDAsInJlYWQiOjMwMDAwMDAwMDAwMH19",
          "dependencies": [
            "azurerm_network_interface.my_terraform_nic",
            "azurerm_network_security_group.my_terraform_nsg",
            "azurerm_public_ip.my_terraform_public_ip",
            "azurerm_resource_group.rg",
            "azurerm_subnet.my_terraform_subnet",
            "azurerm_virtual_network.my_terraform_network",
            "random_pet.rg_name"
          ]
        }
      ]
    },
    {
      "mode": "managed",
      "type": "azurerm_network_security_group",
      "name": "my_terraform_nsg",
      "provider": "provider[\"registry.terraform.io/hashicorp/azurerm\"]",
      "instances": [
        {
          "schema_version": 0,
          "attributes": {
            "id": "/subscriptions/585cbca4-1ba4-48b3-92ca-c98ae52babb8/resourceGroups/rg-proud-kid/providers/Microsoft.Network/networkSecurityGroups/flNetworkSecurityGroup",
            "location": "germanywestcentral",
            "name": "flNetworkSecurityGroup",
            "resource_group_name": "rg-proud-kid",
            "security_rule": [
              {
                "access": "Allow",
                "description": "",
                "destination_address_prefix": "*",
                "destination_address_prefixes": [],
                "destination_application_security_group_ids": [],
                "destination_port_range": "22",
                "destination_port_ranges": [],
                "direction": "Inbound",
                "name": "SSH",
                "priority": 1001,
                "protocol": "Tcp",
                "source_address_prefix": "*",
                "source_address_prefixes": [],
                "source_application_security_group_ids": [],
                "source_port_range": "*",
                "source_port_ranges": []
              },
              {
                "access": "Allow",
                "description": "",
                "destination_address_prefix": "*",
                "destination_address_prefixes": [],
                "destination_application_security_group_ids": [],
                "destination_port_range": "5555",
                "destination_port_ranges": [],
                "direction": "Inbound",
                "name": "TCP",
                "priority": 1003,
                "protocol": "Tcp",
                "source_address_prefix": "*",
                "source_address_prefixes": [],
                "source_application_security_group_ids": [],
                "source_port_range": "*",
                "source_port_ranges": []
              },
              {
                "access": "Allow",
                "description": "",
                "destination_address_prefix": "*",
                "destination_address_prefixes": [],
                "destination_application_security_group_ids": [],
                "destination_port_range": "80",
                "destination_port_ranges": [],
                "direction": "Inbound",
                "name": "HTTP",
                "priority": 1002,
                "protocol": "Tcp",
                "source_address_prefix": "*",
                "source_address_prefixes": [],
                "source_application_security_group_ids": [],
                "source_port_range": "*",
                "source_port_ranges": []
              }
            ],
            "tags": null,
            "timeouts": null
          },
          "sensitive_attributes": [],
          "private": "eyJlMmJmYjczMC1lY2FhLTExZTYtOGY4OC0zNDM2M2JjN2M0YzAiOnsiY3JlYXRlIjoxODAwMDAwMDAwMDAwLCJkZWxldGUiOjE4MDAwMDAwMDAwMDAsInJlYWQiOjMwMDAwMDAwMDAwMCwidXBkYXRlIjoxODAwMDAwMDAwMDAwfX0=",
          "dependencies": [
            "azurerm_resource_group.rg",
            "random_pet.rg_name"
          ]
        }
      ]
    },
    {
      "mode": "managed",
      "type": "azurerm_public_ip",
      "name": "my_terraform_public_ip",
      "provider": "provider[\"registry.terraform.io/hashicorp/azurerm\"]",
      "instances": [
        {
          "index_key": 0,
          "schema_version": 0,
          "attributes": {
            "allocation_method": "Dynamic",
            "ddos_protection_mode": "VirtualNetworkInherited",
            "ddos_protection_plan_id": null,
            "domain_name_label": null,
            "edge_zone": "",
            "fqdn": null,
            "id": "/subscriptions/585cbca4-1ba4-48b3-92ca-c98ae52babb8/resourceGroups/rg-proud-kid/providers/Microsoft.Network/publicIPAddresses/flPublicIPAggregator",
            "idle_timeout_in_minutes": 4,
            "ip_address": "",
            "ip_tags": null,
            "ip_version": "IPv4",
            "location": "germanywestcentral",
            "name": "flPublicIPAggregator",
            "public_ip_prefix_id": null,
            "resource_group_name": "rg-proud-kid",
            "reverse_fqdn": null,
            "sku": "Basic",
            "sku_tier": "Regional",
            "tags": null,
            "timeouts": null,
            "zones": null
          },
          "sensitive_attributes": [],
          "private": "eyJlMmJmYjczMC1lY2FhLTExZTYtOGY4OC0zNDM2M2JjN2M0YzAiOnsiY3JlYXRlIjoxODAwMDAwMDAwMDAwLCJkZWxldGUiOjE4MDAwMDAwMDAwMDAsInJlYWQiOjMwMDAwMDAwMDAwMCwidXBkYXRlIjoxODAwMDAwMDAwMDAwfX0=",
          "dependencies": [
            "azurerm_resource_group.rg",
            "random_pet.rg_name"
          ]
        }
      ]
    },
    {
      "mode": "managed",
      "type": "azurerm_resource_group",
      "name": "rg",
      "provider": "provider[\"registry.terraform.io/hashicorp/azurerm\"]",
      "instances": [
        {
          "schema_version": 0,
          "attributes": {
            "id": "/subscriptions/585cbca4-1ba4-48b3-92ca-c98ae52babb8/resourceGroups/rg-proud-kid",
            "location": "germanywestcentral",
            "managed_by": "",
            "name": "rg-proud-kid",
            "tags": null,
            "timeouts": null
          },
          "sensitive_attributes": [],
          "private": "eyJlMmJmYjczMC1lY2FhLTExZTYtOGY4OC0zNDM2M2JjN2M0YzAiOnsiY3JlYXRlIjo1NDAwMDAwMDAwMDAwLCJkZWxldGUiOjU0MDAwMDAwMDAwMDAsInJlYWQiOjMwMDAwMDAwMDAwMCwidXBkYXRlIjo1NDAwMDAwMDAwMDAwfX0=",
          "dependencies": [
            "random_pet.rg_name"
          ]
        }
      ]
    },
    {
      "mode": "managed",
      "type": "azurerm_storage_account",
      "name": "my_storage_account",
      "provider": "provider[\"registry.terraform.io/hashicorp/azurerm\"]",
      "instances": [
        {
          "schema_version": 4,
          "attributes": {
            "access_tier": "Hot",
            "account_kind": "StorageV2",
            "account_replication_type": "LRS",
            "account_tier": "Standard",
            "allow_nested_items_to_be_public": true,
            "allowed_copy_scope": "",
            "azure_files_authentication": [],
            "blob_properties": [
              {
                "change_feed_enabled": false,
                "change_feed_retention_in_days": 0,
                "container_delete_retention_policy": [],
                "cors_rule": [],
                "default_service_version": "",
                "delete_retention_policy": [],
                "last_access_time_enabled": false,
                "restore_policy": [],
                "versioning_enabled": false
              }
            ],
            "cross_tenant_replication_enabled": true,
            "custom_domain": [],
            "customer_managed_key": [],
            "default_to_oauth_authentication": false,
            "edge_zone": "",
            "enable_https_traffic_only": true,
            "id": "/subscriptions/585cbca4-1ba4-48b3-92ca-c98ae52babb8/resourceGroups/rg-proud-kid/providers/Microsoft.Storage/storageAccounts/diagc21b24eb420bb71f",
            "identity": [],
            "immutability_policy": [],
            "infrastructure_encryption_enabled": false,
            "is_hns_enabled": false,
            "large_file_share_enabled": null,
            "local_user_enabled": true,
            "location": "germanywestcentral",
            "min_tls_version": "TLS1_2",
            "name": "diagc21b24eb420bb71f",
            "network_rules": [
              {
                "bypass": [
                  "AzureServices"
                ],
                "default_action": "Allow",
                "ip_rules": [],
                "private_link_access": [],
                "virtual_network_subnet_ids": []
              }
            ],
            "nfsv3_enabled": false,
            "primary_access_key": "Xmg/RSrZhNiadN3N1gQVGVTZ/hdYXiZFVlIeAyoFwYg6Wzc6rHPJzf3l2vk0oXNXfijuF4Ltr3Nt+AStirzngg==",
            "primary_blob_connection_string": "DefaultEndpointsProtocol=https;BlobEndpoint=https://diagc21b24eb420bb71f.blob.core.windows.net/;AccountName=diagc21b24eb420bb71f;AccountKey=Xmg/RSrZhNiadN3N1gQVGVTZ/hdYXiZFVlIeAyoFwYg6Wzc6rHPJzf3l2vk0oXNXfijuF4Ltr3Nt+AStirzngg==",
            "primary_blob_endpoint": "https://diagc21b24eb420bb71f.blob.core.windows.net/",
            "primary_blob_host": "diagc21b24eb420bb71f.blob.core.windows.net",
            "primary_blob_internet_endpoint": "",
            "primary_blob_internet_host": "",
            "primary_blob_microsoft_endpoint": "",
            "primary_blob_microsoft_host": "",
            "primary_connection_string": "DefaultEndpointsProtocol=https;AccountName=diagc21b24eb420bb71f;AccountKey=Xmg/RSrZhNiadN3N1gQVGVTZ/hdYXiZFVlIeAyoFwYg6Wzc6rHPJzf3l2vk0oXNXfijuF4Ltr3Nt+AStirzngg==;EndpointSuffix=core.windows.net",
            "primary_dfs_endpoint": "https://diagc21b24eb420bb71f.dfs.core.windows.net/",
            "primary_dfs_host": "diagc21b24eb420bb71f.dfs.core.windows.net",
            "primary_dfs_internet_endpoint": "",
            "primary_dfs_internet_host": "",
            "primary_dfs_microsoft_endpoint": "",
            "primary_dfs_microsoft_host": "",
            "primary_file_endpoint": "https://diagc21b24eb420bb71f.file.core.windows.net/",
            "primary_file_host": "diagc21b24eb420bb71f.file.core.windows.net",
            "primary_file_internet_endpoint": "",
            "primary_file_internet_host": "",
            "primary_file_microsoft_endpoint": "",
            "primary_file_microsoft_host": "",
            "primary_location": "germanywestcentral",
            "primary_queue_endpoint": "https://diagc21b24eb420bb71f.queue.core.windows.net/",
            "primary_queue_host": "diagc21b24eb420bb71f.queue.core.windows.net",
            "primary_queue_microsoft_endpoint": "",
            "primary_queue_microsoft_host": "",
            "primary_table_endpoint": "https://diagc21b24eb420bb71f.table.core.windows.net/",
            "primary_table_host": "diagc21b24eb420bb71f.table.core.windows.net",
            "primary_table_microsoft_endpoint": "",
            "primary_table_microsoft_host": "",
            "primary_web_endpoint": "https://diagc21b24eb420bb71f.z1.web.core.windows.net/",
            "primary_web_host": "diagc21b24eb420bb71f.z1.web.core.windows.net",
            "primary_web_internet_endpoint": "",
            "primary_web_internet_host": "",
            "primary_web_microsoft_endpoint": "",
            "primary_web_microsoft_host": "",
            "public_network_access_enabled": true,
            "queue_encryption_key_type": "Service",
            "queue_properties": [
              {
                "cors_rule": [],
                "hour_metrics": [
                  {
                    "enabled": true,
                    "include_apis": true,
                    "retention_policy_days": 7,
                    "version": "1.0"
                  }
                ],
                "logging": [
                  {
                    "delete": false,
                    "read": false,
                    "retention_policy_days": 0,
                    "version": "1.0",
                    "write": false
                  }
                ],
                "minute_metrics": [
                  {
                    "enabled": false,
                    "include_apis": false,
                    "retention_policy_days": 0,
                    "version": "1.0"
                  }
                ]
              }
            ],
            "resource_group_name": "rg-proud-kid",
            "routing": [],
            "sas_policy": [],
            "secondary_access_key": "QLPl2iz9+k8rgaGhusFPsNqGIh+c1Xsikk1xAQDhtzZ9gSDP/MHHJtWJi1XaB2CboZ+t78+r8Vr6+AStPH4z+Q==",
            "secondary_blob_connection_string": "",
            "secondary_blob_endpoint": null,
            "secondary_blob_host": null,
            "secondary_blob_internet_endpoint": null,
            "secondary_blob_internet_host": null,
            "secondary_blob_microsoft_endpoint": null,
            "secondary_blob_microsoft_host": null,
            "secondary_connection_string": "DefaultEndpointsProtocol=https;AccountName=diagc21b24eb420bb71f;AccountKey=QLPl2iz9+k8rgaGhusFPsNqGIh+c1Xsikk1xAQDhtzZ9gSDP/MHHJtWJi1XaB2CboZ+t78+r8Vr6+AStPH4z+Q==;EndpointSuffix=core.windows.net",
            "secondary_dfs_endpoint": null,
            "secondary_dfs_host": null,
            "secondary_dfs_internet_endpoint": null,
            "secondary_dfs_internet_host": null,
            "secondary_dfs_microsoft_endpoint": null,
            "secondary_dfs_microsoft_host": null,
            "secondary_file_endpoint": null,
            "secondary_file_host": null,
            "secondary_file_internet_endpoint": null,
            "secondary_file_internet_host": null,
            "secondary_file_microsoft_endpoint": null,
            "secondary_file_microsoft_host": null,
            "secondary_location": "",
            "secondary_queue_endpoint": null,
            "secondary_queue_host": null,
            "secondary_queue_microsoft_endpoint": null,
            "secondary_queue_microsoft_host": null,
            "secondary_table_endpoint": null,
            "secondary_table_host": null,
            "secondary_table_microsoft_endpoint": null,
            "secondary_table_microsoft_host": null,
            "secondary_web_endpoint": null,
            "secondary_web_host": null,
            "secondary_web_internet_endpoint": null,
            "secondary_web_internet_host": null,
            "secondary_web_microsoft_endpoint": null,
            "secondary_web_microsoft_host": null,
            "sftp_enabled": false,
            "share_properties": [
              {
                "cors_rule": [],
                "retention_policy": [
                  {
                    "days": 7
                  }
                ],
                "smb": []
              }
            ],
            "shared_access_key_enabled": true,
            "static_website": [],
            "table_encryption_key_type": "Service",
            "tags": null,
            "timeouts": null
          },
          "sensitive_attributes": [],
          "private": "eyJlMmJmYjczMC1lY2FhLTExZTYtOGY4OC0zNDM2M2JjN2M0YzAiOnsiY3JlYXRlIjozNjAwMDAwMDAwMDAwLCJkZWxldGUiOjM2MDAwMDAwMDAwMDAsInJlYWQiOjMwMDAwMDAwMDAwMCwidXBkYXRlIjozNjAwMDAwMDAwMDAwfSwic2NoZW1hX3ZlcnNpb24iOiI0In0=",
          "dependencies": [
            "azurerm_resource_group.rg",
            "random_id.random_id",
            "random_pet.rg_name"
          ]
        }
      ]
    },
    {
      "mode": "managed",
      "type": "azurerm_subnet",
      "name": "my_terraform_subnet",
      "provider": "provider[\"registry.terraform.io/hashicorp/azurerm\"]",
      "instances": [
        {
          "schema_version": 0,
          "attributes": {
            "address_prefixes": [
              "10.0.1.0/24"
            ],
            "delegation": [],
            "enforce_private_link_endpoint_network_policies": false,
            "enforce_private_link_service_network_policies": false,
            "id": "/subscriptions/585cbca4-1ba4-48b3-92ca-c98ae52babb8/resourceGroups/rg-proud-kid/providers/Microsoft.Network/virtualNetworks/flVnet/subnets/flSubnet",
            "name": "flSubnet",
            "private_endpoint_network_policies_enabled": true,
            "private_link_service_network_policies_enabled": true,
            "resource_group_name": "rg-proud-kid",
            "service_endpoint_policy_ids": null,
            "service_endpoints": null,
            "timeouts": null,
            "virtual_network_name": "flVnet"
          },
          "sensitive_attributes": [],
          "private": "eyJlMmJmYjczMC1lY2FhLTExZTYtOGY4OC0zNDM2M2JjN2M0YzAiOnsiY3JlYXRlIjoxODAwMDAwMDAwMDAwLCJkZWxldGUiOjE4MDAwMDAwMDAwMDAsInJlYWQiOjMwMDAwMDAwMDAwMCwidXBkYXRlIjoxODAwMDAwMDAwMDAwfX0=",
          "dependencies": [
            "azurerm_resource_group.rg",
            "azurerm_virtual_network.my_terraform_network",
            "random_pet.rg_name"
          ]
        }
      ]
    },
    {
      "mode": "managed",
      "type": "azurerm_virtual_network",
      "name": "my_terraform_network",
      "provider": "provider[\"registry.terraform.io/hashicorp/azurerm\"]",
      "instances": [
        {
          "schema_version": 0,
          "attributes": {
            "address_space": [
              "10.0.0.0/16"
            ],
            "bgp_community": "",
            "ddos_protection_plan": [],
            "dns_servers": [],
            "edge_zone": "",
            "encryption": [],
            "flow_timeout_in_minutes": 0,
            "guid": "cc7b0206-a8eb-41d3-88e3-ddd4339cc2a5",
            "id": "/subscriptions/585cbca4-1ba4-48b3-92ca-c98ae52babb8/resourceGroups/rg-proud-kid/providers/Microsoft.Network/virtualNetworks/flVnet",
            "location": "germanywestcentral",
            "name": "flVnet",
            "resource_group_name": "rg-proud-kid",
            "subnet": [],
            "tags": null,
            "timeouts": null
          },
          "sensitive_attributes": [],
          "private": "eyJlMmJmYjczMC1lY2FhLTExZTYtOGY4OC0zNDM2M2JjN2M0YzAiOnsiY3JlYXRlIjoxODAwMDAwMDAwMDAwLCJkZWxldGUiOjE4MDAwMDAwMDAwMDAsInJlYWQiOjMwMDAwMDAwMDAwMCwidXBkYXRlIjoxODAwMDAwMDAwMDAwfX0=",
          "dependencies": [
            "azurerm_resource_group.rg",
            "random_pet.rg_name"
          ]
        }
      ]
    },
    {
      "mode": "managed",
      "type": "random_id",
      "name": "random_id",
      "provider": "provider[\"registry.terraform.io/hashicorp/random\"]",
      "instances": [
        {
          "schema_version": 0,
          "attributes": {
            "b64_std": "whsk60ILtx8=",
            "b64_url": "whsk60ILtx8",
            "byte_length": 8,
            "dec": "13986813660573185823",
            "hex": "c21b24eb420bb71f",
            "id": "whsk60ILtx8",
            "keepers": {
              "resource_group": "rg-proud-kid"
            },
            "prefix": null
          },
          "sensitive_attributes": [],
          "dependencies": [
            "azurerm_resource_group.rg",
            "random_pet.rg_name"
          ]
        }
      ]
    },
    {
      "mode": "managed",
      "type": "random_pet",
      "name": "rg_name",
      "provider": "provider[\"registry.terraform.io/hashicorp/random\"]",
      "instances": [
        {
          "schema_version": 0,
          "attributes": {
            "id": "rg-proud-kid",
            "keepers": null,
            "length": 2,
            "prefix": "rg",
            "separator": "-"
          },
          "sensitive_attributes": []
        }
      ]
    },
    {
      "mode": "managed",
      "type": "random_pet",
      "name": "ssh_key_name",
      "provider": "provider[\"registry.terraform.io/hashicorp/random\"]",
      "instances": [
        {
          "schema_version": 0,
          "attributes": {
            "id": "sshunbiasedkitten",
            "keepers": null,
            "length": 2,
            "prefix": "ssh",
            "separator": ""
          },
          "sensitive_attributes": []
        }
      ]
    }
  ],
  "check_results": null
}
