{
  "version": 4,
  "terraform_version": "1.6.2",
  "serial": 569,
  "lineage": "e8aeae9e-78e8-c855-b237-26011b8c43c1",
  "outputs": {
    "key_data": {
      "value": "ssh-rsa AAAAB3NzaC1yc2EAAAADAQABAAABgQC7uJ2xOMtmi0MbfOXsxyHLsXdEZgGqvZnXTv+IyK+KkyVDNEf9uNEVTLzBVMdLTU9iI5waM83bNtmE4bMSld5zfQuDQ1PgPOhD6T4xchseLVSgv4HKsksN1Mi/yWj/0Y+6vz2Xty6j1Z+B/+MAC9b2jtpFHYv8Z/FCJPRU5SOA6o+2vZyiQ01DK1zoUPwQTzNCcb5i25ReSnvgWnVhAmOfz8/gG+B16fdNt3IszUQ3QLF9M+a4wAZztZ8/100me+e52MAgTJDXjJfKzlKYj8AJkSscb32rMy8Rq8FkcGB2RbrDxkZsfVivsq8oFQ85RbZqEOIFD77GfNP17DdHd/DSId8qGkZQ4dsX+zXh877V3TMlRhKzSfwSEUWYwuEBQXCWrZ75Q+3xVi4cf9R73jB+SnxCLH7kvC5BJhVJOVsTtJPOBCpfHr4DD/6mNoKBb8hXR46y0riqWI3GR76NZ8BjCL/Kty9ol32jIHYahbd774An0YfyVzmo0dpMvf+310U= generated-by-azure",
      "type": "string"
    },
    "private_key_data": {
      "value": "-----BEGIN RSA PRIVATE KEY-----\r\nMIIG4wIBAAKCAYEAu7idsTjLZotDG3zl7Mchy7F3RGYBqr2Z107/iMivipMlQzRH\r\n/bjRFUy8wVTHS01PYiOcGjPN2zbZhOGzEpXec30Lg0NT4DzoQ+k+MXIbHi1UoL+B\r\nyrJLDdTIv8lo/9GPur89l7cuo9Wfgf/jAAvW9o7aRR2L/GfxQiT0VOUjgOqPtr2c\r\nokNNQytc6FD8EE8zQnG+YtuUXkp74Fp1YQJjn8/P4Bvgden3TbdyLM1EN0CxfTPm\r\nuMAGc7WfP9dNJnvnudjAIEyQ14yXys5SmI/ACZErHG99qzMvEavBZHBgdkW6w8ZG\r\nbH1Yr7KvKBUPOUW2ahDiBQ++xnzT9ew3R3fw0iHfKhpGUOHbF/s14fO+1d0zJUYS\r\ns0n8EhFFmMLhAUFwlq2e+UPt8VYuHH/Ue94wfkp8Qix+5LwuQSYVSTlbE7STzgQq\r\nXx6+Aw/+pjaCgW/IV0eOstK4qliNxke+jWfAYwi/yrcvaJd9oyB2GoW3e++AJ9GH\r\n8lc5qNHaTL3/t9dFAgMBAAECggGAO1OVQrUYU0gf5UgLwlEMtTtY3hz+2d8iB5HH\r\n4IrML5dhZ2PWfLE0Iu8lmFQayAme1P08EGve2zDyfbR2y6DhtM4IHWvhzjRxk0Tb\r\nivTs7RSWclcTxeOjJLPi3fnhXTf1nKdj59bUvqJ8zrD4JMOZJELxaHZ2D0cqUCUt\r\nssbX+Z4n3TD/l6h9eoTxz9oIT384S/92k/ehZEtV6wmrnwUKRy9+Gu20eo9+wOkB\r\nBHe631tqvI7yk+DcKSV1Ns/sagUuJFR0SQScoZqaU5kKwpwSJtZe1RaIx3VyHxm1\r\nxlqgTD0S0t2drgt1+YchVXGodwiF9tAOrRAZHeUR9s2yX7ph+wvOmoXuyEL5FUtJ\r\nAmKevFGL0yBIgBAZtb6OkafMZ1YKAmn16g/imzvDrsS5JDuYViuCXXvAS0MZ65tp\r\njtiwdulDUKCETjC1MwfGMN5EgmtM89O2VFdd2akaZPVOtNbC8gVpsGokNU1nQmap\r\nYQ/V4O/GSaLqz+g33U6JvVFBginhAoHBAN0dv6E4t3fnlyOI++zxrxv7e9NKdJ27\r\nMt29AjGYo1XxWA3jHvtt16FVfUIFucuFL4/P3pklT3SvFnYoEpMp2S5o5clvx3S4\r\nOLdWzOfRJWqKJN+QHUksei2YA7p94v/AkPsWIRQYPZ+wKX5aitYE870YtKTPIy/G\r\nBPmKNnH1u42mPsacIjCFm8jE5YijDb48cbIm/dobewVZ6tGzzsNhbEqiTPEP+Qcy\r\nHZGBSGws7DC+vS+4dWG+meCy31sXVlLr8wKBwQDZViMJZj6/XqZ/SCCjB4MZLyzS\r\nBudCsCEgs9pjyIcm42CigF3Hw50TiqTwNSG0vE/iMFVttfO+mAzaDDZWNiRtRF/W\r\neYir4zcW7DfDgjPIqd7Z4YUVK4bDpGocFvAsYxgQBe/BTfE+lbdcfAGmx2HpZBpd\r\naaWVFI1ctAg+Xjr3vxoSuu5j7mzV97ou0yrKt78SrYq3IAbA5EjNB5Sxu0gFtRx0\r\nv5QgHYg3a2rkH1umFw/6p2eRDZoTyKt+6dDOFecCgcEAzPqQ9RIw8pTchXKtqF/8\r\nJwKhLaRuKvKpGunmqLeJY1iSen078XVIWiV4MsZAEK1tA/J9tpbh65eMSQio/4fh\r\n76YKrwxSaJ+G5F8xIQ2/k95whFeC7pyuvqmXe0DMOK75N+qxy4EVT33tWVbyMajx\r\nkzDd9ZKYWedGIVbBVi+pKI0e0NtYzoZtflcZOet+CAbcl3ySA6lKCBHtH22ClZkw\r\n3JdMoIRgJQ2OX57r1mxmoGGR3DUxi+U3nRf0+urNeZ2FAoHAbR1A0+xAXoXfo5GL\r\nyS3xVMiJgRy0KJgS2b9SSryXlh+cGZnG+48rIm9+JZcXSA0vMglAKqeqKytdcG+n\r\nLBtcqHsmfqBfzKRzuQ95Y6/P3dPjLZJ65UkIDNtT5qxhgndx0kGYwH0oPFqgR09+\r\n6MO7VZjLX9C1sCY0XrGIXf+jLVUFexfcrdE7VSVdlTqxhjtAM9lrBkuO+HLkVgOT\r\nVLQJEcx+7+JrNMB+7gwBC2zu73EutZIsfffNPleGOl6bVYxLAoHAYZr+s6+P2RQK\r\n1yiZwNdRNajxbMX0D/t3WoiK9tQPdOY3CrlV60GgEcFASj/wXPLF7+JigMAknLm8\r\nvJ/unfMxUxI7N8yADd/RfnEIPkReV7r3lWo1ifcd8xLmOZB2HB9JHncshUrNcAQk\r\nXzl73TCgI/v0HY540VvO1YvyoBjhKjjLM+zpPbzP30jbpB74Xif0BwQcbVlQYTIC\r\nS/Agf2DzCUGm04O7Mbn32BdbL0wIb3/q8RyGKk8GU2emV2ySGyB0\r\n-----END RSA PRIVATE KEY-----\r\n",
      "type": "string",
      "sensitive": true
    },
    "public_ip_addresses": {
      "value": {
        "aggregator": "4.185.77.70"
      },
      "type": [
        "object",
        {
          "aggregator": "string"
        }
      ]
    },
    "resource_group_name": {
      "value": "rg-patient-shark",
      "type": "string"
    }
  },
  "resources": [
    {
      "mode": "managed",
      "type": "azapi_resource",
      "name": "ssh_public_key",
      "provider": "provider[\"registry.terraform.io/azure/azapi\"]",
      "instances": [
        {
          "schema_version": 0,
          "attributes": {
            "body": "{}",
            "id": "/subscriptions/585cbca4-1ba4-48b3-92ca-c98ae52babb8/resourceGroups/rg-patient-shark/providers/Microsoft.Compute/sshPublicKeys/sshmorefrog",
            "identity": [],
            "ignore_body_changes": null,
            "ignore_casing": false,
            "ignore_missing_property": true,
            "location": "germanywestcentral",
            "locks": null,
            "name": "sshmorefrog",
            "output": "{}",
            "parent_id": "/subscriptions/585cbca4-1ba4-48b3-92ca-c98ae52babb8/resourceGroups/rg-patient-shark",
            "removing_special_chars": false,
            "response_export_values": null,
            "schema_validation_enabled": true,
            "tags": {},
            "timeouts": null,
            "type": "Microsoft.Compute/sshPublicKeys@2022-11-01"
          },
          "sensitive_attributes": [],
          "private": "eyJlMmJmYjczMC1lY2FhLTExZTYtOGY4OC0zNDM2M2JjN2M0YzAiOnsiY3JlYXRlIjoxODAwMDAwMDAwMDAwLCJkZWxldGUiOjE4MDAwMDAwMDAwMDAsInJlYWQiOjMwMDAwMDAwMDAwMCwidXBkYXRlIjoxODAwMDAwMDAwMDAwfX0=",
          "dependencies": [
            "azurerm_resource_group.rg",
            "random_pet.rg_name",
            "random_pet.ssh_key_name"
          ]
        }
      ]
    },
    {
      "mode": "managed",
      "type": "azapi_resource_action",
      "name": "ssh_public_key_gen",
      "provider": "provider[\"registry.terraform.io/azure/azapi\"]",
      "instances": [
        {
          "schema_version": 0,
          "attributes": {
            "action": "generateKeyPair",
            "body": null,
            "id": "/subscriptions/585cbca4-1ba4-48b3-92ca-c98ae52babb8/resourceGroups/rg-patient-shark/providers/Microsoft.Compute/sshPublicKeys/sshmorefrog/generateKeyPair",
            "locks": null,
            "method": "POST",
            "output": "{\"privateKey\":\"-----BEGIN RSA PRIVATE KEY-----\\r\\nMIIG4wIBAAKCAYEAu7idsTjLZotDG3zl7Mchy7F3RGYBqr2Z107/iMivipMlQzRH\\r\\n/bjRFUy8wVTHS01PYiOcGjPN2zbZhOGzEpXec30Lg0NT4DzoQ+k+MXIbHi1UoL+B\\r\\nyrJLDdTIv8lo/9GPur89l7cuo9Wfgf/jAAvW9o7aRR2L/GfxQiT0VOUjgOqPtr2c\\r\\nokNNQytc6FD8EE8zQnG+YtuUXkp74Fp1YQJjn8/P4Bvgden3TbdyLM1EN0CxfTPm\\r\\nuMAGc7WfP9dNJnvnudjAIEyQ14yXys5SmI/ACZErHG99qzMvEavBZHBgdkW6w8ZG\\r\\nbH1Yr7KvKBUPOUW2ahDiBQ++xnzT9ew3R3fw0iHfKhpGUOHbF/s14fO+1d0zJUYS\\r\\ns0n8EhFFmMLhAUFwlq2e+UPt8VYuHH/Ue94wfkp8Qix+5LwuQSYVSTlbE7STzgQq\\r\\nXx6+Aw/+pjaCgW/IV0eOstK4qliNxke+jWfAYwi/yrcvaJd9oyB2GoW3e++AJ9GH\\r\\n8lc5qNHaTL3/t9dFAgMBAAECggGAO1OVQrUYU0gf5UgLwlEMtTtY3hz+2d8iB5HH\\r\\n4IrML5dhZ2PWfLE0Iu8lmFQayAme1P08EGve2zDyfbR2y6DhtM4IHWvhzjRxk0Tb\\r\\nivTs7RSWclcTxeOjJLPi3fnhXTf1nKdj59bUvqJ8zrD4JMOZJELxaHZ2D0cqUCUt\\r\\nssbX+Z4n3TD/l6h9eoTxz9oIT384S/92k/ehZEtV6wmrnwUKRy9+Gu20eo9+wOkB\\r\\nBHe631tqvI7yk+DcKSV1Ns/sagUuJFR0SQScoZqaU5kKwpwSJtZe1RaIx3VyHxm1\\r\\nxlqgTD0S0t2drgt1+YchVXGodwiF9tAOrRAZHeUR9s2yX7ph+wvOmoXuyEL5FUtJ\\r\\nAmKevFGL0yBIgBAZtb6OkafMZ1YKAmn16g/imzvDrsS5JDuYViuCXXvAS0MZ65tp\\r\\njtiwdulDUKCETjC1MwfGMN5EgmtM89O2VFdd2akaZPVOtNbC8gVpsGokNU1nQmap\\r\\nYQ/V4O/GSaLqz+g33U6JvVFBginhAoHBAN0dv6E4t3fnlyOI++zxrxv7e9NKdJ27\\r\\nMt29AjGYo1XxWA3jHvtt16FVfUIFucuFL4/P3pklT3SvFnYoEpMp2S5o5clvx3S4\\r\\nOLdWzOfRJWqKJN+QHUksei2YA7p94v/AkPsWIRQYPZ+wKX5aitYE870YtKTPIy/G\\r\\nBPmKNnH1u42mPsacIjCFm8jE5YijDb48cbIm/dobewVZ6tGzzsNhbEqiTPEP+Qcy\\r\\nHZGBSGws7DC+vS+4dWG+meCy31sXVlLr8wKBwQDZViMJZj6/XqZ/SCCjB4MZLyzS\\r\\nBudCsCEgs9pjyIcm42CigF3Hw50TiqTwNSG0vE/iMFVttfO+mAzaDDZWNiRtRF/W\\r\\neYir4zcW7DfDgjPIqd7Z4YUVK4bDpGocFvAsYxgQBe/BTfE+lbdcfAGmx2HpZBpd\\r\\naaWVFI1ctAg+Xjr3vxoSuu5j7mzV97ou0yrKt78SrYq3IAbA5EjNB5Sxu0gFtRx0\\r\\nv5QgHYg3a2rkH1umFw/6p2eRDZoTyKt+6dDOFecCgcEAzPqQ9RIw8pTchXKtqF/8\\r\\nJwKhLaRuKvKpGunmqLeJY1iSen078XVIWiV4MsZAEK1tA/J9tpbh65eMSQio/4fh\\r\\n76YKrwxSaJ+G5F8xIQ2/k95whFeC7pyuvqmXe0DMOK75N+qxy4EVT33tWVbyMajx\\r\\nkzDd9ZKYWedGIVbBVi+pKI0e0NtYzoZtflcZOet+CAbcl3ySA6lKCBHtH22ClZkw\\r\\n3JdMoIRgJQ2OX57r1mxmoGGR3DUxi+U3nRf0+urNeZ2FAoHAbR1A0+xAXoXfo5GL\\r\\nyS3xVMiJgRy0KJgS2b9SSryXlh+cGZnG+48rIm9+JZcXSA0vMglAKqeqKytdcG+n\\r\\nLBtcqHsmfqBfzKRzuQ95Y6/P3dPjLZJ65UkIDNtT5qxhgndx0kGYwH0oPFqgR09+\\r\\n6MO7VZjLX9C1sCY0XrGIXf+jLVUFexfcrdE7VSVdlTqxhjtAM9lrBkuO+HLkVgOT\\r\\nVLQJEcx+7+JrNMB+7gwBC2zu73EutZIsfffNPleGOl6bVYxLAoHAYZr+s6+P2RQK\\r\\n1yiZwNdRNajxbMX0D/t3WoiK9tQPdOY3CrlV60GgEcFASj/wXPLF7+JigMAknLm8\\r\\nvJ/unfMxUxI7N8yADd/RfnEIPkReV7r3lWo1ifcd8xLmOZB2HB9JHncshUrNcAQk\\r\\nXzl73TCgI/v0HY540VvO1YvyoBjhKjjLM+zpPbzP30jbpB74Xif0BwQcbVlQYTIC\\r\\nS/Agf2DzCUGm04O7Mbn32BdbL0wIb3/q8RyGKk8GU2emV2ySGyB0\\r\\n-----END RSA PRIVATE KEY-----\\r\\n\",\"publicKey\":\"ssh-rsa AAAAB3NzaC1yc2EAAAADAQABAAABgQC7uJ2xOMtmi0MbfOXsxyHLsXdEZgGqvZnXTv+IyK+KkyVDNEf9uNEVTLzBVMdLTU9iI5waM83bNtmE4bMSld5zfQuDQ1PgPOhD6T4xchseLVSgv4HKsksN1Mi/yWj/0Y+6vz2Xty6j1Z+B/+MAC9b2jtpFHYv8Z/FCJPRU5SOA6o+2vZyiQ01DK1zoUPwQTzNCcb5i25ReSnvgWnVhAmOfz8/gG+B16fdNt3IszUQ3QLF9M+a4wAZztZ8/100me+e52MAgTJDXjJfKzlKYj8AJkSscb32rMy8Rq8FkcGB2RbrDxkZsfVivsq8oFQ85RbZqEOIFD77GfNP17DdHd/DSId8qGkZQ4dsX+zXh877V3TMlRhKzSfwSEUWYwuEBQXCWrZ75Q+3xVi4cf9R73jB+SnxCLH7kvC5BJhVJOVsTtJPOBCpfHr4DD/6mNoKBb8hXR46y0riqWI3GR76NZ8BjCL/Kty9ol32jIHYahbd774An0YfyVzmo0dpMvf+310U= generated-by-azure\"}",
            "resource_id": "/subscriptions/585cbca4-1ba4-48b3-92ca-c98ae52babb8/resourceGroups/rg-patient-shark/providers/Microsoft.Compute/sshPublicKeys/sshmorefrog",
            "response_export_values": [
              "publicKey",
              "privateKey"
            ],
            "timeouts": null,
            "type": "Microsoft.Compute/sshPublicKeys@2022-11-01",
            "when": "apply"
          },
          "sensitive_attributes": [],
          "private": "eyJlMmJmYjczMC1lY2FhLTExZTYtOGY4OC0zNDM2M2JjN2M0YzAiOnsiY3JlYXRlIjoxODAwMDAwMDAwMDAwLCJkZWxldGUiOjE4MDAwMDAwMDAwMDAsInJlYWQiOjMwMDAwMDAwMDAwMCwidXBkYXRlIjoxODAwMDAwMDAwMDAwfX0=",
          "dependencies": [
            "azapi_resource.ssh_public_key",
            "azurerm_resource_group.rg",
            "random_pet.rg_name",
            "random_pet.ssh_key_name"
          ]
        }
      ]
    },
    {
      "mode": "managed",
      "type": "azurerm_linux_virtual_machine",
      "name": "my_terraform_vm",
      "provider": "provider[\"registry.terraform.io/hashicorp/azurerm\"]",
      "instances": [
        {
          "index_key": 0,
          "schema_version": 0,
          "attributes": {
            "additional_capabilities": [],
            "admin_password": null,
            "admin_ssh_key": [
              {
                "public_key": "ssh-rsa AAAAB3NzaC1yc2EAAAADAQABAAACAQDaGjdD9v2/+onJ+OT7wibkR/ksrePAFQRkGTzFbxTT1iMzfpV5iL34DXKzXmCkTMkGRFBcU2ibyKuaS+nT+RBCM/0tRUdhSxfkwIVWNYhf3z7DegcQwJyYDgQKtcsF1q2EwZBflp/bLU4BdxZVQXVD0vzChmzObz3OPsSNh1F31PjwI47CdmOfDwDspie04bvsnZ3wHVC66VE2Mq/t5IO8DjOiVYvCui1dnOIjO9jDaZ5fyrWHPAQ66VIeZ5zXjXAIHUSeHDyepJpnCo8T3xjZWU3+WFOty37StwGsQZOLZehULZL4IWkxnC8JsJXBlrkE+i6zH4LftgobhRJDmzs0A0xr2ORkQf/qUUdegusKVNTM9nHKzm4Wydd8hCla+Ss/wbNNfmDGntomGEnLf0y0Vy/pxVHXv99jWFE4Io4QGYJdEhbOcFjkJmtR27Y7lTcXl8E4e3ql6tSMuEfz1JUAEqYL/jBprPWoan0zxGZxvosyBOH6Prm9MrhtHgr5HT/YUm1bCi1vXl9cURans8Cllvp8DeC2S5nrkvFnQ+2OEKNjxfkXo4uDZJ3Ub2RQCoXpGrDy+HmTvHz75qeaYjxgJK+yv+uPFYipEKvLxeq1cRiX6Ps4qjGsFlAZ9Wbt0KTGOb2+w8kTxyn2mvSuxsCY8HFGNgFJxJnGAdT4YG0Fnw== johann@MBPvonJohann8.fritz.box\n",
                "username": "azureadmin"
              }
            ],
            "admin_username": "azureadmin",
            "allow_extension_operations": true,
            "availability_set_id": "",
            "boot_diagnostics": [
              {
                "storage_account_uri": "https://diagc901c9c48881c04a.blob.core.windows.net/"
              }
            ],
            "bypass_platform_safety_checks_on_user_schedule_enabled": false,
            "capacity_reservation_group_id": "",
            "computer_name": "hostnameAggregator",
            "custom_data": null,
            "dedicated_host_group_id": "",
            "dedicated_host_id": "",
            "disable_password_authentication": true,
            "disk_controller_type": "SCSI",
            "edge_zone": "",
            "encryption_at_host_enabled": false,
            "eviction_policy": "",
            "extensions_time_budget": "PT1H30M",
            "gallery_application": [],
            "id": "/subscriptions/585cbca4-1ba4-48b3-92ca-c98ae52babb8/resourceGroups/rg-patient-shark/providers/Microsoft.Compute/virtualMachines/aggregator",
            "identity": [],
            "license_type": "",
            "location": "germanywestcentral",
            "max_bid_price": -1,
            "name": "aggregator",
            "network_interface_ids": [
              "/subscriptions/585cbca4-1ba4-48b3-92ca-c98ae52babb8/resourceGroups/rg-patient-shark/providers/Microsoft.Network/networkInterfaces/myNICAggregator"
            ],
            "os_disk": [
              {
                "caching": "ReadWrite",
                "diff_disk_settings": [],
                "disk_encryption_set_id": "",
                "disk_size_gb": 30,
                "name": "myOsDiskAggregator",
                "secure_vm_disk_encryption_set_id": "",
                "security_encryption_type": "",
                "storage_account_type": "Premium_LRS",
                "write_accelerator_enabled": false
              }
            ],
            "os_image_notification": [],
            "patch_assessment_mode": "ImageDefault",
            "patch_mode": "ImageDefault",
            "plan": [],
            "platform_fault_domain": -1,
            "priority": "Regular",
            "private_ip_address": "10.0.1.4",
            "private_ip_addresses": [
              "10.0.1.4"
            ],
            "provision_vm_agent": true,
            "proximity_placement_group_id": "",
            "public_ip_address": "4.185.77.70",
            "public_ip_addresses": [
              "4.185.77.70"
            ],
            "reboot_setting": "",
            "resource_group_name": "rg-patient-shark",
            "secret": [],
            "secure_boot_enabled": false,
            "size": "Standard_B1s",
            "source_image_id": "",
            "source_image_reference": [
              {
                "offer": "0001-com-ubuntu-confidential-vm-jammy",
                "publisher": "canonical",
                "sku": "22_04-lts-cvm",
                "version": "latest"
              }
            ],
            "tags": null,
            "termination_notification": null,
            "timeouts": null,
            "user_data": "",
            "virtual_machine_id": "9d5142d6-b031-46bb-b250-782711f5dc92",
            "virtual_machine_scale_set_id": "",
            "vm_agent_platform_updates_enabled": false,
            "vtpm_enabled": false,
            "zone": ""
          },
          "sensitive_attributes": [],
          "private": "eyJlMmJmYjczMC1lY2FhLTExZTYtOGY4OC0zNDM2M2JjN2M0YzAiOnsiY3JlYXRlIjoyNzAwMDAwMDAwMDAwLCJkZWxldGUiOjI3MDAwMDAwMDAwMDAsInJlYWQiOjMwMDAwMDAwMDAwMCwidXBkYXRlIjoyNzAwMDAwMDAwMDAwfX0=",
          "dependencies": [
            "azurerm_network_interface.my_terraform_nic",
            "azurerm_public_ip.my_terraform_public_ip",
            "azurerm_resource_group.rg",
            "azurerm_storage_account.my_storage_account",
            "azurerm_subnet.my_terraform_subnet",
            "azurerm_virtual_network.my_terraform_network",
            "random_id.random_id",
            "random_pet.rg_name"
          ]
        }
      ]
    },
    {
      "mode": "managed",
      "type": "azurerm_network_interface",
      "name": "my_terraform_nic",
      "provider": "provider[\"registry.terraform.io/hashicorp/azurerm\"]",
      "instances": [
        {
          "index_key": 0,
          "schema_version": 0,
          "attributes": {
            "applied_dns_servers": [],
            "auxiliary_mode": "",
            "auxiliary_sku": "",
            "dns_servers": [],
            "edge_zone": "",
            "enable_accelerated_networking": false,
            "enable_ip_forwarding": false,
            "id": "/subscriptions/585cbca4-1ba4-48b3-92ca-c98ae52babb8/resourceGroups/rg-patient-shark/providers/Microsoft.Network/networkInterfaces/myNICAggregator",
            "internal_dns_name_label": "",
            "internal_domain_name_suffix": "jzc0jpakjgyu5fvvi2fvbdance.frax.internal.cloudapp.net",
            "ip_configuration": [
              {
                "gateway_load_balancer_frontend_ip_configuration_id": "",
                "name": "my_nic_configuration",
                "primary": true,
                "private_ip_address": "10.0.1.4",
                "private_ip_address_allocation": "Dynamic",
                "private_ip_address_version": "IPv4",
                "public_ip_address_id": "/subscriptions/585cbca4-1ba4-48b3-92ca-c98ae52babb8/resourceGroups/rg-patient-shark/providers/Microsoft.Network/publicIPAddresses/flPublicIPAggregator",
                "subnet_id": "/subscriptions/585cbca4-1ba4-48b3-92ca-c98ae52babb8/resourceGroups/rg-patient-shark/providers/Microsoft.Network/virtualNetworks/flVnet/subnets/flSubnet"
              }
            ],
            "location": "germanywestcentral",
            "mac_address": "",
            "name": "myNICAggregator",
            "private_ip_address": "10.0.1.4",
            "private_ip_addresses": [
              "10.0.1.4"
            ],
            "resource_group_name": "rg-patient-shark",
            "tags": null,
            "timeouts": null,
            "virtual_machine_id": ""
          },
          "sensitive_attributes": [],
          "private": "eyJlMmJmYjczMC1lY2FhLTExZTYtOGY4OC0zNDM2M2JjN2M0YzAiOnsiY3JlYXRlIjoxODAwMDAwMDAwMDAwLCJkZWxldGUiOjE4MDAwMDAwMDAwMDAsInJlYWQiOjMwMDAwMDAwMDAwMCwidXBkYXRlIjoxODAwMDAwMDAwMDAwfX0=",
          "dependencies": [
            "azurerm_public_ip.my_terraform_public_ip",
            "azurerm_resource_group.rg",
            "azurerm_subnet.my_terraform_subnet",
            "azurerm_virtual_network.my_terraform_network",
            "random_pet.rg_name"
          ]
        }
      ]
    },
    {
      "mode": "managed",
      "type": "azurerm_network_interface_security_group_association",
      "name": "example",
      "provider": "provider[\"registry.terraform.io/hashicorp/azurerm\"]",
      "instances": [
        {
          "index_key": 0,
          "schema_version": 0,
          "attributes": {
            "id": "/subscriptions/585cbca4-1ba4-48b3-92ca-c98ae52babb8/resourceGroups/rg-patient-shark/providers/Microsoft.Network/networkInterfaces/myNICAggregator|/subscriptions/585cbca4-1ba4-48b3-92ca-c98ae52babb8/resourceGroups/rg-patient-shark/providers/Microsoft.Network/networkSecurityGroups/flNetworkSecurityGroup",
            "network_interface_id": "/subscriptions/585cbca4-1ba4-48b3-92ca-c98ae52babb8/resourceGroups/rg-patient-shark/providers/Microsoft.Network/networkInterfaces/myNICAggregator",
            "network_security_group_id": "/subscriptions/585cbca4-1ba4-48b3-92ca-c98ae52babb8/resourceGroups/rg-patient-shark/providers/Microsoft.Network/networkSecurityGroups/flNetworkSecurityGroup",
            "timeouts": null
          },
          "sensitive_attributes": [],
          "private": "eyJlMmJmYjczMC1lY2FhLTExZTYtOGY4OC0zNDM2M2JjN2M0YzAiOnsiY3JlYXRlIjoxODAwMDAwMDAwMDAwLCJkZWxldGUiOjE4MDAwMDAwMDAwMDAsInJlYWQiOjMwMDAwMDAwMDAwMH19",
          "dependencies": [
            "azurerm_network_interface.my_terraform_nic",
            "azurerm_network_security_group.my_terraform_nsg",
            "azurerm_public_ip.my_terraform_public_ip",
            "azurerm_resource_group.rg",
            "azurerm_subnet.my_terraform_subnet",
            "azurerm_virtual_network.my_terraform_network",
            "random_pet.rg_name"
          ]
        }
      ]
    },
    {
      "mode": "managed",
      "type": "azurerm_network_security_group",
      "name": "my_terraform_nsg",
      "provider": "provider[\"registry.terraform.io/hashicorp/azurerm\"]",
      "instances": [
        {
          "schema_version": 0,
          "attributes": {
            "id": "/subscriptions/585cbca4-1ba4-48b3-92ca-c98ae52babb8/resourceGroups/rg-patient-shark/providers/Microsoft.Network/networkSecurityGroups/flNetworkSecurityGroup",
            "location": "germanywestcentral",
            "name": "flNetworkSecurityGroup",
            "resource_group_name": "rg-patient-shark",
            "security_rule": [
              {
                "access": "Allow",
                "description": "",
                "destination_address_prefix": "*",
                "destination_address_prefixes": [],
                "destination_application_security_group_ids": [],
                "destination_port_range": "22",
                "destination_port_ranges": [],
                "direction": "Inbound",
                "name": "SSH",
                "priority": 1001,
                "protocol": "Tcp",
                "source_address_prefix": "*",
                "source_address_prefixes": [],
                "source_application_security_group_ids": [],
                "source_port_range": "*",
                "source_port_ranges": []
              },
              {
                "access": "Allow",
                "description": "",
                "destination_address_prefix": "*",
                "destination_address_prefixes": [],
                "destination_application_security_group_ids": [],
                "destination_port_range": "5555",
                "destination_port_ranges": [],
                "direction": "Inbound",
                "name": "TCP",
                "priority": 1003,
                "protocol": "Tcp",
                "source_address_prefix": "*",
                "source_address_prefixes": [],
                "source_application_security_group_ids": [],
                "source_port_range": "*",
                "source_port_ranges": []
              },
              {
                "access": "Allow",
                "description": "",
                "destination_address_prefix": "*",
                "destination_address_prefixes": [],
                "destination_application_security_group_ids": [],
                "destination_port_range": "80",
                "destination_port_ranges": [],
                "direction": "Inbound",
                "name": "HTTP",
                "priority": 1002,
                "protocol": "Tcp",
                "source_address_prefix": "*",
                "source_address_prefixes": [],
                "source_application_security_group_ids": [],
                "source_port_range": "*",
                "source_port_ranges": []
              }
            ],
            "tags": null,
            "timeouts": null
          },
          "sensitive_attributes": [],
          "private": "eyJlMmJmYjczMC1lY2FhLTExZTYtOGY4OC0zNDM2M2JjN2M0YzAiOnsiY3JlYXRlIjoxODAwMDAwMDAwMDAwLCJkZWxldGUiOjE4MDAwMDAwMDAwMDAsInJlYWQiOjMwMDAwMDAwMDAwMCwidXBkYXRlIjoxODAwMDAwMDAwMDAwfX0=",
          "dependencies": [
            "azurerm_resource_group.rg",
            "random_pet.rg_name"
          ]
        }
      ]
    },
    {
      "mode": "managed",
      "type": "azurerm_public_ip",
      "name": "my_terraform_public_ip",
      "provider": "provider[\"registry.terraform.io/hashicorp/azurerm\"]",
      "instances": [
        {
          "index_key": 0,
          "schema_version": 0,
          "attributes": {
            "allocation_method": "Dynamic",
            "ddos_protection_mode": "VirtualNetworkInherited",
            "ddos_protection_plan_id": null,
            "domain_name_label": null,
            "edge_zone": "",
            "fqdn": null,
            "id": "/subscriptions/585cbca4-1ba4-48b3-92ca-c98ae52babb8/resourceGroups/rg-patient-shark/providers/Microsoft.Network/publicIPAddresses/flPublicIPAggregator",
            "idle_timeout_in_minutes": 4,
            "ip_address": "",
            "ip_tags": null,
            "ip_version": "IPv4",
            "location": "germanywestcentral",
            "name": "flPublicIPAggregator",
            "public_ip_prefix_id": null,
            "resource_group_name": "rg-patient-shark",
            "reverse_fqdn": null,
            "sku": "Basic",
            "sku_tier": "Regional",
            "tags": null,
            "timeouts": null,
            "zones": null
          },
          "sensitive_attributes": [],
          "private": "eyJlMmJmYjczMC1lY2FhLTExZTYtOGY4OC0zNDM2M2JjN2M0YzAiOnsiY3JlYXRlIjoxODAwMDAwMDAwMDAwLCJkZWxldGUiOjE4MDAwMDAwMDAwMDAsInJlYWQiOjMwMDAwMDAwMDAwMCwidXBkYXRlIjoxODAwMDAwMDAwMDAwfX0=",
          "dependencies": [
            "azurerm_resource_group.rg",
            "random_pet.rg_name"
          ]
        }
      ]
    },
    {
      "mode": "managed",
      "type": "azurerm_resource_group",
      "name": "rg",
      "provider": "provider[\"registry.terraform.io/hashicorp/azurerm\"]",
      "instances": [
        {
          "schema_version": 0,
          "attributes": {
            "id": "/subscriptions/585cbca4-1ba4-48b3-92ca-c98ae52babb8/resourceGroups/rg-patient-shark",
            "location": "germanywestcentral",
            "managed_by": "",
            "name": "rg-patient-shark",
            "tags": null,
            "timeouts": null
          },
          "sensitive_attributes": [],
          "private": "eyJlMmJmYjczMC1lY2FhLTExZTYtOGY4OC0zNDM2M2JjN2M0YzAiOnsiY3JlYXRlIjo1NDAwMDAwMDAwMDAwLCJkZWxldGUiOjU0MDAwMDAwMDAwMDAsInJlYWQiOjMwMDAwMDAwMDAwMCwidXBkYXRlIjo1NDAwMDAwMDAwMDAwfX0=",
          "dependencies": [
            "random_pet.rg_name"
          ]
        }
      ]
    },
    {
      "mode": "managed",
      "type": "azurerm_storage_account",
      "name": "my_storage_account",
      "provider": "provider[\"registry.terraform.io/hashicorp/azurerm\"]",
      "instances": [
        {
          "schema_version": 4,
          "attributes": {
            "access_tier": "Hot",
            "account_kind": "StorageV2",
            "account_replication_type": "LRS",
            "account_tier": "Standard",
            "allow_nested_items_to_be_public": true,
            "allowed_copy_scope": "",
            "azure_files_authentication": [],
            "blob_properties": [
              {
                "change_feed_enabled": false,
                "change_feed_retention_in_days": 0,
                "container_delete_retention_policy": [],
                "cors_rule": [],
                "default_service_version": "",
                "delete_retention_policy": [],
                "last_access_time_enabled": false,
                "restore_policy": [],
                "versioning_enabled": false
              }
            ],
            "cross_tenant_replication_enabled": true,
            "custom_domain": [],
            "customer_managed_key": [],
            "default_to_oauth_authentication": false,
            "edge_zone": "",
            "enable_https_traffic_only": true,
            "id": "/subscriptions/585cbca4-1ba4-48b3-92ca-c98ae52babb8/resourceGroups/rg-patient-shark/providers/Microsoft.Storage/storageAccounts/diagc901c9c48881c04a",
            "identity": [],
            "immutability_policy": [],
            "infrastructure_encryption_enabled": false,
            "is_hns_enabled": false,
            "large_file_share_enabled": null,
            "local_user_enabled": true,
            "location": "germanywestcentral",
            "min_tls_version": "TLS1_2",
            "name": "diagc901c9c48881c04a",
            "network_rules": [
              {
                "bypass": [
                  "AzureServices"
                ],
                "default_action": "Allow",
                "ip_rules": [],
                "private_link_access": [],
                "virtual_network_subnet_ids": []
              }
            ],
            "nfsv3_enabled": false,
            "primary_access_key": "Ad9v+ehPKP7FbHQubxUN5IjHMV2ihEfFcekDU1tPfLwhWY2Q75Mm+OZk8nQ8CVpFQNlmG2K9VB94+AStVScDGA==",
            "primary_blob_connection_string": "DefaultEndpointsProtocol=https;BlobEndpoint=https://diagc901c9c48881c04a.blob.core.windows.net/;AccountName=diagc901c9c48881c04a;AccountKey=Ad9v+ehPKP7FbHQubxUN5IjHMV2ihEfFcekDU1tPfLwhWY2Q75Mm+OZk8nQ8CVpFQNlmG2K9VB94+AStVScDGA==",
            "primary_blob_endpoint": "https://diagc901c9c48881c04a.blob.core.windows.net/",
            "primary_blob_host": "diagc901c9c48881c04a.blob.core.windows.net",
            "primary_blob_internet_endpoint": "",
            "primary_blob_internet_host": "",
            "primary_blob_microsoft_endpoint": "",
            "primary_blob_microsoft_host": "",
            "primary_connection_string": "DefaultEndpointsProtocol=https;AccountName=diagc901c9c48881c04a;AccountKey=Ad9v+ehPKP7FbHQubxUN5IjHMV2ihEfFcekDU1tPfLwhWY2Q75Mm+OZk8nQ8CVpFQNlmG2K9VB94+AStVScDGA==;EndpointSuffix=core.windows.net",
            "primary_dfs_endpoint": "https://diagc901c9c48881c04a.dfs.core.windows.net/",
            "primary_dfs_host": "diagc901c9c48881c04a.dfs.core.windows.net",
            "primary_dfs_internet_endpoint": "",
            "primary_dfs_internet_host": "",
            "primary_dfs_microsoft_endpoint": "",
            "primary_dfs_microsoft_host": "",
            "primary_file_endpoint": "https://diagc901c9c48881c04a.file.core.windows.net/",
            "primary_file_host": "diagc901c9c48881c04a.file.core.windows.net",
            "primary_file_internet_endpoint": "",
            "primary_file_internet_host": "",
            "primary_file_microsoft_endpoint": "",
            "primary_file_microsoft_host": "",
            "primary_location": "germanywestcentral",
            "primary_queue_endpoint": "https://diagc901c9c48881c04a.queue.core.windows.net/",
            "primary_queue_host": "diagc901c9c48881c04a.queue.core.windows.net",
            "primary_queue_microsoft_endpoint": "",
            "primary_queue_microsoft_host": "",
            "primary_table_endpoint": "https://diagc901c9c48881c04a.table.core.windows.net/",
            "primary_table_host": "diagc901c9c48881c04a.table.core.windows.net",
            "primary_table_microsoft_endpoint": "",
            "primary_table_microsoft_host": "",
            "primary_web_endpoint": "https://diagc901c9c48881c04a.z1.web.core.windows.net/",
            "primary_web_host": "diagc901c9c48881c04a.z1.web.core.windows.net",
            "primary_web_internet_endpoint": "",
            "primary_web_internet_host": "",
            "primary_web_microsoft_endpoint": "",
            "primary_web_microsoft_host": "",
            "public_network_access_enabled": true,
            "queue_encryption_key_type": "Service",
            "queue_properties": [
              {
                "cors_rule": [],
                "hour_metrics": [
                  {
                    "enabled": true,
                    "include_apis": true,
                    "retention_policy_days": 7,
                    "version": "1.0"
                  }
                ],
                "logging": [
                  {
                    "delete": false,
                    "read": false,
                    "retention_policy_days": 0,
                    "version": "1.0",
                    "write": false
                  }
                ],
                "minute_metrics": [
                  {
                    "enabled": false,
                    "include_apis": false,
                    "retention_policy_days": 0,
                    "version": "1.0"
                  }
                ]
              }
            ],
            "resource_group_name": "rg-patient-shark",
            "routing": [],
            "sas_policy": [],
            "secondary_access_key": "nJ8B8n7cjf4kaGDCa2KXrJMyvYRAoWfo6ZPTj5TlOgeQ9+QpaLvWWXAYbku8eV63+l/hapElc5na+AStRBlzMg==",
            "secondary_blob_connection_string": "",
            "secondary_blob_endpoint": null,
            "secondary_blob_host": null,
            "secondary_blob_internet_endpoint": null,
            "secondary_blob_internet_host": null,
            "secondary_blob_microsoft_endpoint": null,
            "secondary_blob_microsoft_host": null,
            "secondary_connection_string": "DefaultEndpointsProtocol=https;AccountName=diagc901c9c48881c04a;AccountKey=nJ8B8n7cjf4kaGDCa2KXrJMyvYRAoWfo6ZPTj5TlOgeQ9+QpaLvWWXAYbku8eV63+l/hapElc5na+AStRBlzMg==;EndpointSuffix=core.windows.net",
            "secondary_dfs_endpoint": null,
            "secondary_dfs_host": null,
            "secondary_dfs_internet_endpoint": null,
            "secondary_dfs_internet_host": null,
            "secondary_dfs_microsoft_endpoint": null,
            "secondary_dfs_microsoft_host": null,
            "secondary_file_endpoint": null,
            "secondary_file_host": null,
            "secondary_file_internet_endpoint": null,
            "secondary_file_internet_host": null,
            "secondary_file_microsoft_endpoint": null,
            "secondary_file_microsoft_host": null,
            "secondary_location": "",
            "secondary_queue_endpoint": null,
            "secondary_queue_host": null,
            "secondary_queue_microsoft_endpoint": null,
            "secondary_queue_microsoft_host": null,
            "secondary_table_endpoint": null,
            "secondary_table_host": null,
            "secondary_table_microsoft_endpoint": null,
            "secondary_table_microsoft_host": null,
            "secondary_web_endpoint": null,
            "secondary_web_host": null,
            "secondary_web_internet_endpoint": null,
            "secondary_web_internet_host": null,
            "secondary_web_microsoft_endpoint": null,
            "secondary_web_microsoft_host": null,
            "sftp_enabled": false,
            "share_properties": [
              {
                "cors_rule": [],
                "retention_policy": [
                  {
                    "days": 7
                  }
                ],
                "smb": []
              }
            ],
            "shared_access_key_enabled": true,
            "static_website": [],
            "table_encryption_key_type": "Service",
            "tags": null,
            "timeouts": null
          },
          "sensitive_attributes": [],
          "private": "eyJlMmJmYjczMC1lY2FhLTExZTYtOGY4OC0zNDM2M2JjN2M0YzAiOnsiY3JlYXRlIjozNjAwMDAwMDAwMDAwLCJkZWxldGUiOjM2MDAwMDAwMDAwMDAsInJlYWQiOjMwMDAwMDAwMDAwMCwidXBkYXRlIjozNjAwMDAwMDAwMDAwfSwic2NoZW1hX3ZlcnNpb24iOiI0In0=",
          "dependencies": [
            "azurerm_resource_group.rg",
            "random_id.random_id",
            "random_pet.rg_name"
          ]
        }
      ]
    },
    {
      "mode": "managed",
      "type": "azurerm_subnet",
      "name": "my_terraform_subnet",
      "provider": "provider[\"registry.terraform.io/hashicorp/azurerm\"]",
      "instances": [
        {
          "schema_version": 0,
          "attributes": {
            "address_prefixes": [
              "10.0.1.0/24"
            ],
            "delegation": [],
            "enforce_private_link_endpoint_network_policies": false,
            "enforce_private_link_service_network_policies": false,
            "id": "/subscriptions/585cbca4-1ba4-48b3-92ca-c98ae52babb8/resourceGroups/rg-patient-shark/providers/Microsoft.Network/virtualNetworks/flVnet/subnets/flSubnet",
            "name": "flSubnet",
            "private_endpoint_network_policies_enabled": true,
            "private_link_service_network_policies_enabled": true,
            "resource_group_name": "rg-patient-shark",
            "service_endpoint_policy_ids": null,
            "service_endpoints": null,
            "timeouts": null,
            "virtual_network_name": "flVnet"
          },
          "sensitive_attributes": [],
          "private": "eyJlMmJmYjczMC1lY2FhLTExZTYtOGY4OC0zNDM2M2JjN2M0YzAiOnsiY3JlYXRlIjoxODAwMDAwMDAwMDAwLCJkZWxldGUiOjE4MDAwMDAwMDAwMDAsInJlYWQiOjMwMDAwMDAwMDAwMCwidXBkYXRlIjoxODAwMDAwMDAwMDAwfX0=",
          "dependencies": [
            "azurerm_resource_group.rg",
            "azurerm_virtual_network.my_terraform_network",
            "random_pet.rg_name"
          ]
        }
      ]
    },
    {
      "mode": "managed",
      "type": "azurerm_virtual_network",
      "name": "my_terraform_network",
      "provider": "provider[\"registry.terraform.io/hashicorp/azurerm\"]",
      "instances": [
        {
          "schema_version": 0,
          "attributes": {
            "address_space": [
              "10.0.0.0/16"
            ],
            "bgp_community": "",
            "ddos_protection_plan": [],
            "dns_servers": [],
            "edge_zone": "",
            "encryption": [],
            "flow_timeout_in_minutes": 0,
            "guid": "bca4454e-490a-4fb1-96b5-470b508c0d14",
            "id": "/subscriptions/585cbca4-1ba4-48b3-92ca-c98ae52babb8/resourceGroups/rg-patient-shark/providers/Microsoft.Network/virtualNetworks/flVnet",
            "location": "germanywestcentral",
            "name": "flVnet",
            "resource_group_name": "rg-patient-shark",
            "subnet": [],
            "tags": null,
            "timeouts": null
          },
          "sensitive_attributes": [],
          "private": "eyJlMmJmYjczMC1lY2FhLTExZTYtOGY4OC0zNDM2M2JjN2M0YzAiOnsiY3JlYXRlIjoxODAwMDAwMDAwMDAwLCJkZWxldGUiOjE4MDAwMDAwMDAwMDAsInJlYWQiOjMwMDAwMDAwMDAwMCwidXBkYXRlIjoxODAwMDAwMDAwMDAwfX0=",
          "dependencies": [
            "azurerm_resource_group.rg",
            "random_pet.rg_name"
          ]
        }
      ]
    },
    {
      "mode": "managed",
      "type": "random_id",
      "name": "random_id",
      "provider": "provider[\"registry.terraform.io/hashicorp/random\"]",
      "instances": [
        {
          "schema_version": 0,
          "attributes": {
            "b64_std": "yQHJxIiBwEo=",
            "b64_url": "yQHJxIiBwEo",
            "byte_length": 8,
            "dec": "14484079722541203530",
            "hex": "c901c9c48881c04a",
            "id": "yQHJxIiBwEo",
            "keepers": {
              "resource_group": "rg-patient-shark"
            },
            "prefix": null
          },
          "sensitive_attributes": [],
          "dependencies": [
            "azurerm_resource_group.rg",
            "random_pet.rg_name"
          ]
        }
      ]
    },
    {
      "mode": "managed",
      "type": "random_pet",
      "name": "rg_name",
      "provider": "provider[\"registry.terraform.io/hashicorp/random\"]",
      "instances": [
        {
          "schema_version": 0,
          "attributes": {
            "id": "rg-patient-shark",
            "keepers": null,
            "length": 2,
            "prefix": "rg",
            "separator": "-"
          },
          "sensitive_attributes": []
        }
      ]
    },
    {
      "mode": "managed",
      "type": "random_pet",
      "name": "ssh_key_name",
      "provider": "provider[\"registry.terraform.io/hashicorp/random\"]",
      "instances": [
        {
          "schema_version": 0,
          "attributes": {
            "id": "sshmorefrog",
            "keepers": null,
            "length": 2,
            "prefix": "ssh",
            "separator": ""
          },
          "sensitive_attributes": []
        }
      ]
    }
  ],
  "check_results": null
}
